FORGE
  remote: http://forge.puppetlabs.com
  specs:
    nanliu/staging (0.4.0)
    puppetlabs/apt (1.4.2)
      puppetlabs/stdlib (>= 2.2.1)
    puppetlabs/concat (1.0.2)
    puppetlabs/ntp (3.0.3)
      puppetlabs/stdlib (>= 0.1.6)
    puppetlabs/stdlib (4.1.0)

GIT
  remote: git://github.com/byronsanchez/puppetlabs-rabbitmq.git
  ref: master
  sha: ff6404d45108dbf3e98d22926a703dd0251f8238
  specs:
    byronsanchez/rabbitmq (3.1.0)
      nanliu/staging (>= 0.3.1)
      puppetlabs/apt (>= 1.0.0)
      puppetlabs/stdlib (>= 2.0.0)

GIT
  remote: git://github.com/gentoo/puppet-portage.git
  ref: master
  sha: c04ae99c62c2fe7e6431a6d92a672e970a18b59c
  specs:
    gentoo/portage (2.2.0-rc1)
      puppetlabs/concat (~> 1.0.0)

DEPENDENCIES
  byronsanchez/rabbitmq (>= 0)
  gentoo/portage (>= 0)
  puppetlabs/ntp (>= 0)
  puppetlabs/stdlib (>= 0)

