FORGE
  remote: http://forge.puppetlabs.com
  specs:
    puppetlabs/concat (1.0.2)
    puppetlabs/ntp (3.0.3)
      puppetlabs/stdlib (>= 0.1.6)
    puppetlabs/stdlib (4.1.0)

GIT
  remote: git://github.com/gentoo/puppet-portage.git
  ref: master
  sha: c04ae99c62c2fe7e6431a6d92a672e970a18b59c
  specs:
    gentoo/portage (2.2.0-rc1)
      puppetlabs/concat (~> 1.0.0)

DEPENDENCIES
  gentoo/portage (>= 0)
  puppetlabs/ntp (>= 0)
  puppetlabs/stdlib (>= 0)

