FORGE
  remote: http://forge.puppetlabs.com
  specs:
    nanliu/staging (0.4.0)
    puppetlabs/apt (1.4.2)
      puppetlabs/stdlib (>= 2.2.1)
    puppetlabs/concat (1.1.0-rc1)
      puppetlabs/stdlib (>= 3.0.0)
    puppetlabs/ntp (3.0.3)
      puppetlabs/stdlib (>= 0.1.6)
    puppetlabs/stdlib (4.1.0)

GIT
  remote: git://github.com/byronsanchez/puppetlabs-rabbitmq.git
  ref: master
  sha: ff6404d45108dbf3e98d22926a703dd0251f8238
  specs:
    byronsanchez/rabbitmq (3.1.0)
      nanliu/staging (>= 0.3.1)
      puppetlabs/apt (>= 1.0.0)
      puppetlabs/stdlib (>= 2.0.0)

GIT
  remote: git://github.com/gentoo/puppet-portage.git
  ref: master
  sha: f3e427a51e946dddf1fbe61ab9bf05ce370a930f
  specs:
    gentoo/portage (2.2.0-rc1)
      puppetlabs/concat (~> 1.0)

GIT
  remote: git://github.com/puppetlabs/puppetlabs-vcsrepo.git
  ref: master
  sha: 268e599839f86f7d5dd4352e73c0f698dc4b0c18
  specs:
    puppetlabs/vcsrepo (0.0.1)

DEPENDENCIES
  byronsanchez/rabbitmq (>= 0)
  gentoo/portage (>= 0)
  puppetlabs/ntp (>= 0)
  puppetlabs/stdlib (>= 0)
  puppetlabs/vcsrepo (>= 0)

